
Microsoft Visual Studio Solution File, Format Version 12.00
# Visual Studio Version 17
VisualStudioVersion = 17.7.34024.191
MinimumVisualStudioVersion = 10.0.40219.1
Project("{9A19103F-16F7-4668-BE54-9A1E7A4F7556}") = "XamlLEDControl.WPF", "XamlLEDControl.WPF\XamlLEDControl.WPF.csproj", "{E5127C17-DB02-4300-859C-EF1176D93319}"
EndProject
Project("{9A19103F-16F7-4668-BE54-9A1E7A4F7556}") = "_build", "..\build\_build.csproj", "{B08EBB79-3D49-48A6-8BD0-707798A787ED}"
EndProject
Project("{9A19103F-16F7-4668-BE54-9A1E7A4F7556}") = "CP.XamlLEDControl.WPF.TestApp", "CP.XamlLEDControl.WPF.TestApp\CP.XamlLEDControl.WPF.TestApp.csproj", "{72A2EF86-C288-4355-85C7-85F4AED43028}"
EndProject
Project("{9A19103F-16F7-4668-BE54-9A1E7A4F7556}") = "XamlLEDControl.Avalonia", "XamlLEDControl.Avalonia\XamlLEDControl.Avalonia.csproj", "{538955C2-217B-4C61-B623-74061A536BCE}"
EndProject
Project("{9A19103F-16F7-4668-BE54-9A1E7A4F7556}") = "XamlLEDControl.Avalonia.TestApp", "XamlLEDControl.Avalonia.TestApp\XamlLEDControl.Avalonia.TestApp.csproj", "{94A8DE38-6B33-42A7-AEFF-592A850475E3}"
EndProject
Project("{9A19103F-16F7-4668-BE54-9A1E7A4F7556}") = "XamlLEDControl.Avalonia.TestApp.Desktop", "XamlLEDControl.Avalonia.TestApp.Desktop\XamlLEDControl.Avalonia.TestApp.Desktop.csproj", "{F9137FD4-D75D-4077-BC87-0A85A69A654B}"
EndProject
Project("{2150E333-8FDC-42A3-9474-1A3956D46DE8}") = "SolutionConfig", "SolutionConfig", "{02EA681E-C7D8-13C7-8484-4AC65E1B71E8}"
	ProjectSection(SolutionItems) = preProject
		..\.editorconfig = ..\.editorconfig
		..\.gitignore = ..\.gitignore
		..\Directory.Build.props = ..\Directory.Build.props
		..\LICENSE = ..\LICENSE
		..\README.md = ..\README.md
		..\stylecop.json = ..\stylecop.json
		..\version.json = ..\version.json
	EndProjectSection
EndProject
Global
	GlobalSection(SolutionConfigurationPlatforms) = preSolution
		Debug|Any CPU = Debug|Any CPU
		Release|Any CPU = Release|Any CPU
	EndGlobalSection
	GlobalSection(ProjectConfigurationPlatforms) = postSolution
		{E5127C17-DB02-4300-859C-EF1176D93319}.Debug|Any CPU.ActiveCfg = Debug|Any CPU
		{E5127C17-DB02-4300-859C-EF1176D93319}.Debug|Any CPU.Build.0 = Debug|Any CPU
		{E5127C17-DB02-4300-859C-EF1176D93319}.Release|Any CPU.ActiveCfg = Release|Any CPU
		{E5127C17-DB02-4300-859C-EF1176D93319}.Release|Any CPU.Build.0 = Release|Any CPU
		{B08EBB79-3D49-48A6-8BD0-707798A787ED}.Debug|Any CPU.ActiveCfg = Debug|Any CPU
		{B08EBB79-3D49-48A6-8BD0-707798A787ED}.Release|Any CPU.ActiveCfg = Release|Any CPU
		{72A2EF86-C288-4355-85C7-85F4AED43028}.Debug|Any CPU.ActiveCfg = Debug|Any CPU
		{72A2EF86-C288-4355-85C7-85F4AED43028}.Debug|Any CPU.Build.0 = Debug|Any CPU
		{72A2EF86-C288-4355-85C7-85F4AED43028}.Release|Any CPU.ActiveCfg = Release|Any CPU
		{72A2EF86-C288-4355-85C7-85F4AED43028}.Release|Any CPU.Build.0 = Release|Any CPU
		{538955C2-217B-4C61-B623-74061A536BCE}.Debug|Any CPU.ActiveCfg = Debug|Any CPU
		{538955C2-217B-4C61-B623-74061A536BCE}.Debug|Any CPU.Build.0 = Debug|Any CPU
		{538955C2-217B-4C61-B623-74061A536BCE}.Release|Any CPU.ActiveCfg = Release|Any CPU
		{538955C2-217B-4C61-B623-74061A536BCE}.Release|Any CPU.Build.0 = Release|Any CPU
		{94A8DE38-6B33-42A7-AEFF-592A850475E3}.Debug|Any CPU.ActiveCfg = Debug|Any CPU
		{94A8DE38-6B33-42A7-AEFF-592A850475E3}.Debug|Any CPU.Build.0 = Debug|Any CPU
		{94A8DE38-6B33-42A7-AEFF-592A850475E3}.Release|Any CPU.ActiveCfg = Release|Any CPU
		{94A8DE38-6B33-42A7-AEFF-592A850475E3}.Release|Any CPU.Build.0 = Release|Any CPU
		{F9137FD4-D75D-4077-BC87-0A85A69A654B}.Debug|Any CPU.ActiveCfg = Debug|Any CPU
		{F9137FD4-D75D-4077-BC87-0A85A69A654B}.Debug|Any CPU.Build.0 = Debug|Any CPU
		{F9137FD4-D75D-4077-BC87-0A85A69A654B}.Release|Any CPU.ActiveCfg = Release|Any CPU
		{F9137FD4-D75D-4077-BC87-0A85A69A654B}.Release|Any CPU.Build.0 = Release|Any CPU
	EndGlobalSection
	GlobalSection(SolutionProperties) = preSolution
		HideSolutionNode = FALSE
	EndGlobalSection
	GlobalSection(ExtensibilityGlobals) = postSolution
		SolutionGuid = {718C2048-48B6-472B-9F37-0976B200247C}
	EndGlobalSection
EndGlobal
